// !$*UTF8*$!
{
	archiveVersion = 1;
	classes = {
	};
	objectVersion = 56;
	objects = {

/* Begin PBXBuildFile section */
		6D1B03D229D211F5006F4F8D /* NetworkManager.swift in Sources */ = {isa = PBXBuildFile; fileRef = 6D1B03D129D211F5006F4F8D /* NetworkManager.swift */; };
		6D1B03D429D21249006F4F8D /* PostModel.swift in Sources */ = {isa = PBXBuildFile; fileRef = 6D1B03D329D21249006F4F8D /* PostModel.swift */; };
		6D1B03D629D2191D006F4F8D /* WebView.swift in Sources */ = {isa = PBXBuildFile; fileRef = 6D1B03D529D2191D006F4F8D /* WebView.swift */; };
		6D1B03D829D21A69006F4F8D /* DetailView.swift in Sources */ = {isa = PBXBuildFile; fileRef = 6D1B03D729D21A69006F4F8D /* DetailView.swift */; };
		6D79045829D207B700AA1C2B /* hacker_newsApp.swift in Sources */ = {isa = PBXBuildFile; fileRef = 6D79045729D207B700AA1C2B /* hacker_newsApp.swift */; };
		6D79045A29D207B700AA1C2B /* ContentView.swift in Sources */ = {isa = PBXBuildFile; fileRef = 6D79045929D207B700AA1C2B /* ContentView.swift */; };
		6D79045C29D207B800AA1C2B /* Assets.xcassets in Resources */ = {isa = PBXBuildFile; fileRef = 6D79045B29D207B800AA1C2B /* Assets.xcassets */; };
		6D79045F29D207B800AA1C2B /* Preview Assets.xcassets in Resources */ = {isa = PBXBuildFile; fileRef = 6D79045E29D207B800AA1C2B /* Preview Assets.xcassets */; };
/* End PBXBuildFile section */

/* Begin PBXFileReference section */
		6D1B03D129D211F5006F4F8D /* NetworkManager.swift */ = {isa = PBXFileReference; lastKnownFileType = sourcecode.swift; path = NetworkManager.swift; sourceTree = "<group>"; };
		6D1B03D329D21249006F4F8D /* PostModel.swift */ = {isa = PBXFileReference; lastKnownFileType = sourcecode.swift; path = PostModel.swift; sourceTree = "<group>"; };
		6D1B03D529D2191D006F4F8D /* WebView.swift */ = {isa = PBXFileReference; lastKnownFileType = sourcecode.swift; path = WebView.swift; sourceTree = "<group>"; };
		6D1B03D729D21A69006F4F8D /* DetailView.swift */ = {isa = PBXFileReference; lastKnownFileType = sourcecode.swift; path = DetailView.swift; sourceTree = "<group>"; };
		6D1B03DA29D21F9D006F4F8D /* Info.plist */ = {isa = PBXFileReference; lastKnownFileType = text.plist.xml; path = Info.plist; sourceTree = "<group>"; };
		6D79045429D207B700AA1C2B /* hacker-news.app */ = {isa = PBXFileReference; explicitFileType = wrapper.application; includeInIndex = 0; path = "hacker-news.app"; sourceTree = BUILT_PRODUCTS_DIR; };
		6D79045729D207B700AA1C2B /* hacker_newsApp.swift */ = {isa = PBXFileReference; lastKnownFileType = sourcecode.swift; path = hacker_newsApp.swift; sourceTree = "<group>"; };
		6D79045929D207B700AA1C2B /* ContentView.swift */ = {isa = PBXFileReference; lastKnownFileType = sourcecode.swift; path = ContentView.swift; sourceTree = "<group>"; };
		6D79045B29D207B800AA1C2B /* Assets.xcassets */ = {isa = PBXFileReference; lastKnownFileType = folder.assetcatalog; path = Assets.xcassets; sourceTree = "<group>"; };
		6D79045E29D207B800AA1C2B /* Preview Assets.xcassets */ = {isa = PBXFileReference; lastKnownFileType = folder.assetcatalog; path = "Preview Assets.xcassets"; sourceTree = "<group>"; };
/* End PBXFileReference section */

/* Begin PBXFrameworksBuildPhase section */
		6D79045129D207B700AA1C2B /* Frameworks */ = {
			isa = PBXFrameworksBuildPhase;
			buildActionMask = 2147483647;
			files = (
			);
			runOnlyForDeploymentPostprocessing = 0;
		};
/* End PBXFrameworksBuildPhase section */

/* Begin PBXGroup section */
		6D1B03D929D21E7E006F4F8D /* Model */ = {
			isa = PBXGroup;
			children = (
				6D1B03D129D211F5006F4F8D /* NetworkManager.swift */,
				6D1B03D329D21249006F4F8D /* PostModel.swift */,
			);
			path = Model;
			sourceTree = "<group>";
		};
		6D79044B29D207B700AA1C2B = {
			isa = PBXGroup;
			children = (
				6D79045629D207B700AA1C2B /* hacker-news */,
				6D79045529D207B700AA1C2B /* Products */,
			);
			sourceTree = "<group>";
		};
		6D79045529D207B700AA1C2B /* Products */ = {
			isa = PBXGroup;
			children = (
				6D79045429D207B700AA1C2B /* hacker-news.app */,
			);
			name = Products;
			sourceTree = "<group>";
		};
		6D79045629D207B700AA1C2B /* hacker-news */ = {
			isa = PBXGroup;
			children = (
				6D79045729D207B700AA1C2B /* hacker_newsApp.swift */,
				6D1B03D929D21E7E006F4F8D /* Model */,
				6D79046529D2111F00AA1C2B /* Views */,
				6D79045B29D207B800AA1C2B /* Assets.xcassets */,
				6D1B03DA29D21F9D006F4F8D /* Info.plist */,
				6D79045D29D207B800AA1C2B /* Preview Content */,
			);
			path = "hacker-news";
			sourceTree = "<group>";
		};
		6D79045D29D207B800AA1C2B /* Preview Content */ = {
			isa = PBXGroup;
			children = (
				6D79045E29D207B800AA1C2B /* Preview Assets.xcassets */,
			);
			path = "Preview Content";
			sourceTree = "<group>";
		};
		6D79046529D2111F00AA1C2B /* Views */ = {
			isa = PBXGroup;
			children = (
				6D79045929D207B700AA1C2B /* ContentView.swift */,
				6D1B03D729D21A69006F4F8D /* DetailView.swift */,
				6D1B03D529D2191D006F4F8D /* WebView.swift */,
			);
			path = Views;
			sourceTree = "<group>";
		};
/* End PBXGroup section */

/* Begin PBXNativeTarget section */
		6D79045329D207B700AA1C2B /* hacker-news */ = {
			isa = PBXNativeTarget;
			buildConfigurationList = 6D79046229D207B800AA1C2B /* Build configuration list for PBXNativeTarget "hacker-news" */;
			buildPhases = (
				6D79045029D207B700AA1C2B /* Sources */,
				6D79045129D207B700AA1C2B /* Frameworks */,
				6D79045229D207B700AA1C2B /* Resources */,
			);
			buildRules = (
			);
			dependencies = (
			);
			name = "hacker-news";
			productName = "hacker-news";
			productReference = 6D79045429D207B700AA1C2B /* hacker-news.app */;
			productType = "com.apple.product-type.application";
		};
/* End PBXNativeTarget section */

/* Begin PBXProject section */
		6D79044C29D207B700AA1C2B /* Project object */ = {
			isa = PBXProject;
			attributes = {
				BuildIndependentTargetsInParallel = 1;
				LastSwiftUpdateCheck = 1420;
				LastUpgradeCheck = 1420;
				TargetAttributes = {
					6D79045329D207B700AA1C2B = {
						CreatedOnToolsVersion = 14.2;
					};
				};
			};
			buildConfigurationList = 6D79044F29D207B700AA1C2B /* Build configuration list for PBXProject "hacker-news" */;
			compatibilityVersion = "Xcode 14.0";
			developmentRegion = en;
			hasScannedForEncodings = 0;
			knownRegions = (
				en,
				Base,
			);
			mainGroup = 6D79044B29D207B700AA1C2B;
			productRefGroup = 6D79045529D207B700AA1C2B /* Products */;
			projectDirPath = "";
			projectRoot = "";
			targets = (
				6D79045329D207B700AA1C2B /* hacker-news */,
			);
		};
/* End PBXProject section */

/* Begin PBXResourcesBuildPhase section */
		6D79045229D207B700AA1C2B /* Resources */ = {
			isa = PBXResourcesBuildPhase;
			buildActionMask = 2147483647;
			files = (
				6D79045F29D207B800AA1C2B /* Preview Assets.xcassets in Resources */,
				6D79045C29D207B800AA1C2B /* Assets.xcassets in Resources */,
			);
			runOnlyForDeploymentPostprocessing = 0;
		};
/* End PBXResourcesBuildPhase section */

/* Begin PBXSourcesBuildPhase section */
		6D79045029D207B700AA1C2B /* Sources */ = {
			isa = PBXSourcesBuildPhase;
			buildActionMask = 2147483647;
			files = (
				6D1B03D229D211F5006F4F8D /* NetworkManager.swift in Sources */,
				6D1B03D829D21A69006F4F8D /* DetailView.swift in Sources */,
				6D1B03D629D2191D006F4F8D /* WebView.swift in Sources */,
				6D1B03D429D21249006F4F8D /* PostModel.swift in Sources */,
				6D79045A29D207B700AA1C2B /* ContentView.swift in Sources */,
				6D79045829D207B700AA1C2B /* hacker_newsApp.swift in Sources */,
			);
			runOnlyForDeploymentPostprocessing = 0;
		};
/* End PBXSourcesBuildPhase section */

/* Begin XCBuildConfiguration section */
		6D79046029D207B800AA1C2B /* Debug */ = {
			isa = XCBuildConfiguration;
			buildSettings = {
				ALWAYS_SEARCH_USER_PATHS = NO;
				CLANG_ANALYZER_NONNULL = YES;
				CLANG_ANALYZER_NUMBER_OBJECT_CONVERSION = YES_AGGRESSIVE;
				CLANG_CXX_LANGUAGE_STANDARD = "gnu++20";
				CLANG_ENABLE_MODULES = YES;
				CLANG_ENABLE_OBJC_ARC = YES;
				CLANG_ENABLE_OBJC_WEAK = YES;
				CLANG_WARN_BLOCK_CAPTURE_AUTORELEASING = YES;
				CLANG_WARN_BOOL_CONVERSION = YES;
				CLANG_WARN_COMMA = YES;
				CLANG_WARN_CONSTANT_CONVERSION = YES;
				CLANG_WARN_DEPRECATED_OBJC_IMPLEMENTATIONS = YES;
				CLANG_WARN_DIRECT_OBJC_ISA_USAGE = YES_ERROR;
				CLANG_WARN_DOCUMENTATION_COMMENTS = YES;
				CLANG_WARN_EMPTY_BODY = YES;
				CLANG_WARN_ENUM_CONVERSION = YES;
				CLANG_WARN_INFINITE_RECURSION = YES;
				CLANG_WARN_INT_CONVERSION = YES;
				CLANG_WARN_NON_LITERAL_NULL_CONVERSION = YES;
				CLANG_WARN_OBJC_IMPLICIT_RETAIN_SELF = YES;
				CLANG_WARN_OBJC_LITERAL_CONVERSION = YES;
				CLANG_WARN_OBJC_ROOT_CLASS = YES_ERROR;
				CLANG_WARN_QUOTED_INCLUDE_IN_FRAMEWORK_HEADER = YES;
				CLANG_WARN_RANGE_LOOP_ANALYSIS = YES;
				CLANG_WARN_STRICT_PROTOTYPES = YES;
				CLANG_WARN_SUSPICIOUS_MOVE = YES;
				CLANG_WARN_UNGUARDED_AVAILABILITY = YES_AGGRESSIVE;
				CLANG_WARN_UNREACHABLE_CODE = YES;
				CLANG_WARN__DUPLICATE_METHOD_MATCH = YES;
				COPY_PHASE_STRIP = NO;
				DEBUG_INFORMATION_FORMAT = dwarf;
				ENABLE_STRICT_OBJC_MSGSEND = YES;
				ENABLE_TESTABILITY = YES;
				GCC_C_LANGUAGE_STANDARD = gnu11;
				GCC_DYNAMIC_NO_PIC = NO;
				GCC_NO_COMMON_BLOCKS = YES;
				GCC_OPTIMIZATION_LEVEL = 0;
				GCC_PREPROCESSOR_DEFINITIONS = (
					"DEBUG=1",
					"$(inherited)",
				);
				GCC_WARN_64_TO_32_BIT_CONVERSION = YES;
				GCC_WARN_ABOUT_RETURN_TYPE = YES_ERROR;
				GCC_WARN_UNDECLARED_SELECTOR = YES;
				GCC_WARN_UNINITIALIZED_AUTOS = YES_AGGRESSIVE;
				GCC_WARN_UNUSED_FUNCTION = YES;
				GCC_WARN_UNUSED_VARIABLE = YES;
				IPHONEOS_DEPLOYMENT_TARGET = 16.2;
				MTL_ENABLE_DEBUG_INFO = INCLUDE_SOURCE;
				MTL_FAST_MATH = YES;
				ONLY_ACTIVE_ARCH = YES;
				SDKROOT = iphoneos;
				SWIFT_ACTIVE_COMPILATION_CONDITIONS = DEBUG;
				SWIFT_OPTIMIZATION_LEVEL = "-Onone";
			};
			name = Debug;
		};
		6D79046129D207B800AA1C2B /* Release */ = {
			isa = XCBuildConfiguration;
			buildSettings = {
				ALWAYS_SEARCH_USER_PATHS = NO;
				CLANG_ANALYZER_NONNULL = YES;
				CLANG_ANALYZER_NUMBER_OBJECT_CONVERSION = YES_AGGRESSIVE;
				CLANG_CXX_LANGUAGE_STANDARD = "gnu++20";
				CLANG_ENABLE_MODULES = YES;
				CLANG_ENABLE_OBJC_ARC = YES;
				CLANG_ENABLE_OBJC_WEAK = YES;
				CLANG_WARN_BLOCK_CAPTURE_AUTORELEASING = YES;
				CLANG_WARN_BOOL_CONVERSION = YES;
				CLANG_WARN_COMMA = YES;
				CLANG_WARN_CONSTANT_CONVERSION = YES;
				CLANG_WARN_DEPRECATED_OBJC_IMPLEMENTATIONS = YES;
				CLANG_WARN_DIRECT_OBJC_ISA_USAGE = YES_ERROR;
				CLANG_WARN_DOCUMENTATION_COMMENTS = YES;
				CLANG_WARN_EMPTY_BODY = YES;
				CLANG_WARN_ENUM_CONVERSION = YES;
				CLANG_WARN_INFINITE_RECURSION = YES;
				CLANG_WARN_INT_CONVERSION = YES;
				CLANG_WARN_NON_LITERAL_NULL_CONVERSION = YES;
				CLANG_WARN_OBJC_IMPLICIT_RETAIN_SELF = YES;
				CLANG_WARN_OBJC_LITERAL_CONVERSION = YES;
				CLANG_WARN_OBJC_ROOT_CLASS = YES_ERROR;
				CLANG_WARN_QUOTED_INCLUDE_IN_FRAMEWORK_HEADER = YES;
				CLANG_WARN_RANGE_LOOP_ANALYSIS = YES;
				CLANG_WARN_STRICT_PROTOTYPES = YES;
				CLANG_WARN_SUSPICIOUS_MOVE = YES;
				CLANG_WARN_UNGUARDED_AVAILABILITY = YES_AGGRESSIVE;
				CLANG_WARN_UNREACHABLE_CODE = YES;
				CLANG_WARN__DUPLICATE_METHOD_MATCH = YES;
				COPY_PHASE_STRIP = NO;
				DEBUG_INFORMATION_FORMAT = "dwarf-with-dsym";
				ENABLE_NS_ASSERTIONS = NO;
				ENABLE_STRICT_OBJC_MSGSEND = YES;
				GCC_C_LANGUAGE_STANDARD = gnu11;
				GCC_NO_COMMON_BLOCKS = YES;
				GCC_WARN_64_TO_32_BIT_CONVERSION = YES;
				GCC_WARN_ABOUT_RETURN_TYPE = YES_ERROR;
				GCC_WARN_UNDECLARED_SELECTOR = YES;
				GCC_WARN_UNINITIALIZED_AUTOS = YES_AGGRESSIVE;
				GCC_WARN_UNUSED_FUNCTION = YES;
				GCC_WARN_UNUSED_VARIABLE = YES;
				IPHONEOS_DEPLOYMENT_TARGET = 16.2;
				MTL_ENABLE_DEBUG_INFO = NO;
				MTL_FAST_MATH = YES;
				SDKROOT = iphoneos;
				SWIFT_COMPILATION_MODE = wholemodule;
				SWIFT_OPTIMIZATION_LEVEL = "-O";
				VALIDATE_PRODUCT = YES;
			};
			name = Release;
		};
		6D79046329D207B800AA1C2B /* Debug */ = {
			isa = XCBuildConfiguration;
			buildSettings = {
				ASSETCATALOG_COMPILER_APPICON_NAME = AppIcon;
				ASSETCATALOG_COMPILER_GLOBAL_ACCENT_COLOR_NAME = AccentColor;
				CODE_SIGN_STYLE = Automatic;
				CURRENT_PROJECT_VERSION = 1;
				DEVELOPMENT_ASSET_PATHS = "\"hacker-news/Preview Content\"";
				DEVELOPMENT_TEAM = 338Q9978G6;
				ENABLE_PREVIEWS = YES;
				GENERATE_INFOPLIST_FILE = YES;
				INFOPLIST_FILE = "hacker-news/Info.plist";
				INFOPLIST_KEY_UIApplicationSupportsIndirectInputEvents = YES;
				INFOPLIST_KEY_UILaunchScreen_Generation = YES;
				INFOPLIST_KEY_UISupportedInterfaceOrientations_iPad = "UIInterfaceOrientationPortrait UIInterfaceOrientationPortraitUpsideDown UIInterfaceOrientationLandscapeLeft UIInterfaceOrientationLandscapeRight";
				INFOPLIST_KEY_UISupportedInterfaceOrientations_iPhone = "UIInterfaceOrientationPortrait UIInterfaceOrientationLandscapeLeft UIInterfaceOrientationLandscapeRight";
				LD_RUNPATH_SEARCH_PATHS = (
					"$(inherited)",
					"@executable_path/Frameworks",
				);
				MARKETING_VERSION = 1.0;
				PRODUCT_BUNDLE_IDENTIFIER = "com.nahidshrabon.hacker-news";
				PRODUCT_NAME = "$(TARGET_NAME)";
				SWIFT_EMIT_LOC_STRINGS = YES;
				SWIFT_VERSION = 5.0;
				TARGETED_DEVICE_FAMILY = "1,2";
			};
			name = Debug;
		};
		6D79046429D207B800AA1C2B /* Release */ = {
			isa = XCBuildConfiguration;
			buildSettings = {
				ASSETCATALOG_COMPILER_APPICON_NAME = AppIcon;
				ASSETCATALOG_COMPILER_GLOBAL_ACCENT_COLOR_NAME = AccentColor;
				CODE_SIGN_STYLE = Automatic;
				CURRENT_PROJECT_VERSION = 1;
				DEVELOPMENT_ASSET_PATHS = "\"hacker-news/Preview Content\"";
				DEVELOPMENT_TEAM = 338Q9978G6;
				ENABLE_PREVIEWS = YES;
				GENERATE_INFOPLIST_FILE = YES;
				INFOPLIST_FILE = "hacker-news/Info.plist";
				INFOPLIST_KEY_UIApplicationSupportsIndirectInputEvents = YES;
				INFOPLIST_KEY_UILaunchScreen_Generation = YES;
				INFOPLIST_KEY_UISupportedInterfaceOrientations_iPad = "UIInterfaceOrientationPortrait UIInterfaceOrientationPortraitUpsideDown UIInterfaceOrientationLandscapeLeft UIInterfaceOrientationLandscapeRight";
				INFOPLIST_KEY_UISupportedInterfaceOrientations_iPhone = "UIInterfaceOrientationPortrait UIInterfaceOrientationLandscapeLeft UIInterfaceOrientationLandscapeRight";
				LD_RUNPATH_SEARCH_PATHS = (
					"$(inherited)",
					"@executable_path/Frameworks",
				);
				MARKETING_VERSION = 1.0;
				PRODUCT_BUNDLE_IDENTIFIER = "com.nahidshrabon.hacker-news";
				PRODUCT_NAME = "$(TARGET_NAME)";
				SWIFT_EMIT_LOC_STRINGS = YES;
				SWIFT_VERSION = 5.0;
				TARGETED_DEVICE_FAMILY = "1,2";
			};
			name = Release;
		};
/* End XCBuildConfiguration section */

/* Begin XCConfigurationList section */
		6D79044F29D207B700AA1C2B /* Build configuration list for PBXProject "hacker-news" */ = {
			isa = XCConfigurationList;
			buildConfigurations = (
				6D79046029D207B800AA1C2B /* Debug */,
				6D79046129D207B800AA1C2B /* Release */,
			);
			defaultConfigurationIsVisible = 0;
			defaultConfigurationName = Release;
		};
		6D79046229D207B800AA1C2B /* Build configuration list for PBXNativeTarget "hacker-news" */ = {
			isa = XCConfigurationList;
			buildConfigurations = (
				6D79046329D207B800AA1C2B /* Debug */,
				6D79046429D207B800AA1C2B /* Release */,
			);
			defaultConfigurationIsVisible = 0;
			defaultConfigurationName = Release;
		};
/* End XCConfigurationList section */
	};
	rootObject = 6D79044C29D207B700AA1C2B /* Project object */;
}
